
Microsoft Visual Studio Solution File, Format Version 12.00
# Visual Studio 15
VisualStudioVersion = 15.0.27130.2027
MinimumVisualStudioVersion = 10.0.40219.1
Project("{E24C65DC-7377-472B-9ABA-BC803B73C61A}") = "FTJXWeb", ".", "{1EA59016-AF60-49C2-8546-137E007882C9}"
	ProjectSection(WebsiteProperties) = preProject
		TargetFrameworkMoniker = ".NETFramework,Version%3Dv2.0"
		Debug.AspNetCompiler.VirtualPath = "/localhost_50637"
		Debug.AspNetCompiler.PhysicalPath = "..\FTJXWeb\"
		Debug.AspNetCompiler.TargetPath = "PrecompiledWeb\localhost_50637\"
		Debug.AspNetCompiler.Updateable = "true"
		Debug.AspNetCompiler.ForceOverwrite = "true"
		Debug.AspNetCompiler.FixedNames = "false"
		Debug.AspNetCompiler.Debug = "True"
		Release.AspNetCompiler.VirtualPath = "/localhost_50637"
		Release.AspNetCompiler.PhysicalPath = "..\FTJXWeb\"
		Release.AspNetCompiler.TargetPath = "PrecompiledWeb\localhost_50637\"
		Release.AspNetCompiler.Updateable = "true"
		Release.AspNetCompiler.ForceOverwrite = "true"
		Release.AspNetCompiler.FixedNames = "false"
		Release.AspNetCompiler.Debug = "False"
		VWDPort = "50637"
		SlnRelativePath = "..\FTJXWeb\"
	EndProjectSection
EndProject
Global
	GlobalSection(SolutionConfigurationPlatforms) = preSolution
		Debug|Any CPU = Debug|Any CPU
	EndGlobalSection
	GlobalSection(ProjectConfigurationPlatforms) = postSolution
		{1EA59016-AF60-49C2-8546-137E007882C9}.Debug|Any CPU.ActiveCfg = Debug|Any CPU
		{1EA59016-AF60-49C2-8546-137E007882C9}.Debug|Any CPU.Build.0 = Debug|Any CPU
	EndGlobalSection
	GlobalSection(SolutionProperties) = preSolution
		HideSolutionNode = FALSE
	EndGlobalSection
	GlobalSection(ExtensibilityGlobals) = postSolution
		SolutionGuid = {1448FFE4-ADE4-4CCA-B417-4EC5FDB5BF6B}
	EndGlobalSection
EndGlobal
